uuid: 253d5257-5fb9-4e21-87b1-4f814657a336
langcode: en
status: true
dependencies:
  content:
    - 'block_content:basic:6f694fea-2aec-4c79-b342-9800c80475eb'
  module:
    - block_content
    - system
  theme:
    - olivero
id: olivero_frontpageblock
theme: olivero
region: content
weight: 0
provider: null
plugin: 'block_content:6f694fea-2aec-4c79-b342-9800c80475eb'
settings:
  id: 'block_content:6f694fea-2aec-4c79-b342-9800c80475eb'
  label: 'Front Page Block'
  label_display: '0'
  provider: block_content
  status: true
  info: ''
  view_mode: full
visibility:
  request_path:
    id: request_path
    negate: false
    pages: '<front>'
